{
  "name": "react-app-rewire-lingui",
  "version": "1.1.0",
  "lockfileVersion": 1,
  "requires": true,
  "dependencies": {
    "@lingui/babel-plugin-transform-js": {
      "version": "2.0.7",
      "resolved": "https://registry.npmjs.org/@lingui/babel-plugin-transform-js/-/babel-plugin-transform-js-2.0.7.tgz",
      "integrity": "sha512-u0bxtk183tqPZsWh0m3RgUrRUSMtZV3E/C2tZwp7/9++bTGxeKusyWPbm9yPvAww7ATiUFJoHJjhcd6iYRBn8g=="
    },
    "@lingui/babel-plugin-transform-react": {
      "version": "2.0.7",
      "resolved": "https://registry.npmjs.org/@lingui/babel-plugin-transform-react/-/babel-plugin-transform-react-2.0.7.tgz",
      "integrity": "sha512-ausTa4kyLEWp7E+9gw5X/ujT2ZEiLHqGlAwLbv3PaGyep5Zu8EHGvWUO0rZGBs3waWBCYXnqMQ35h6NeZ5oqrA=="
    }
  }
}
