# THIS IS AN AUTOGENERATED FILE. DO NOT EDIT THIS FILE DIRECTLY.
# yarn lockfile v1


"@lingui/babel-plugin-transform-js@^2.0.7":
  version "2.0.7"
  resolved "https://registry.yarnpkg.com/@lingui/babel-plugin-transform-js/-/babel-plugin-transform-js-2.0.7.tgz#56ba4b05d5556358949cb3e7e9577f7605cd690f"

"@lingui/babel-plugin-transform-react@^2.0.7":
  version "2.0.7"
  resolved "https://registry.yarnpkg.com/@lingui/babel-plugin-transform-react/-/babel-plugin-transform-react-2.0.7.tgz#41ddb96dcfbbe40697304636f474e250a7a55267"
